
Microsoft Visual Studio Solution File, Format Version 12.00
# Visual Studio Version 16
VisualStudioVersion = 16.0.29009.5
MinimumVisualStudioVersion = 10.0.40219.1
Project("{FAE04EC0-301F-11D3-BF4B-00C04F79EFBC}") = "Nat.Core", "Nat.Core\Nat.Core.csproj", "{367527CA-6238-4254-8076-5A68E82A7FF5}"
EndProject
Project("{9A19103F-16F7-4668-BE54-9A1E7A4F7556}") = "Nat.LoggingApp", "Nat.LoggingApp\Nat.LoggingApp.csproj", "{ADD4FFB9-F1CD-48A7-8F5B-4297D28EDE96}"
EndProject
Project("{9A19103F-16F7-4668-BE54-9A1E7A4F7556}") = "Nat.NotificationApp", "Nat.NotificationApp\Nat.NotificationApp.csproj", "{B4373DE3-A6D9-4D20-828F-D19B36A7D5CD}"
EndProject
Project("{FAE04EC0-301F-11D3-BF4B-00C04F79EFBC}") = "Nat.VenueApp.Models", "Nat.VenueApp\Nat.VenueApp.Models\Nat.VenueApp.Models.csproj", "{280FE43A-60CC-43DC-9456-1131C1048A8E}"
EndProject
Project("{9A19103F-16F7-4668-BE54-9A1E7A4F7556}") = "Nat.VenueApp.Functions", "Nat.VenueApp\Nat.VenueApp.Functions\Nat.VenueApp.Functions.csproj", "{D8B8D865-4277-4D75-9105-0BAC059BCB33}"
EndProject
Project("{9A19103F-16F7-4668-BE54-9A1E7A4F7556}") = "Nat.EventApp.Functions", "Nat.EventApp\Nat.EventApp.Functions\Nat.EventApp.Functions.csproj", "{698D8D70-0C8F-496A-BF49-02DE2CF5B865}"
EndProject
Project("{FAE04EC0-301F-11D3-BF4B-00C04F79EFBC}") = "Nat.EventApp.Models", "Nat.EventApp\Nat.EventApp.Models\Nat.EventApp.Models.csproj", "{0FF4B912-000D-424D-9ADF-420D12DA061E}"
EndProject
Project("{9A19103F-16F7-4668-BE54-9A1E7A4F7556}") = "Nat.CustomerApp.Functions", "Nat.CustomerApp\Nat.CustomerApp.Functions\Nat.CustomerApp.Functions.csproj", "{8742CFC5-6A0A-4FF6-A7DD-4A7D93C84DCD}"
EndProject
Project("{FAE04EC0-301F-11D3-BF4B-00C04F79EFBC}") = "Nat.CustomerApp.Models", "Nat.CustomerApp\Nat.CustomerApp.Models\Nat.CustomerApp.Models.csproj", "{F20F4748-489D-493A-9E3D-14A3A4AC5594}"
EndProject
Project("{FAE04EC0-301F-11D3-BF4B-00C04F79EFBC}") = "Nat.Common", "Nat.Common\Nat.Common.csproj", "{93E4D435-5D9E-467E-A08A-4096D0588558}"
EndProject
Project("{FAE04EC0-301F-11D3-BF4B-00C04F79EFBC}") = "Nat.PaintingApp.Models", "Nat.PaintingApp\Nat.PaintingApp.Models\Nat.PaintingApp.Models.csproj", "{FE9A96E0-A9E3-4088-8789-49B77765E3A9}"
EndProject
Project("{9A19103F-16F7-4668-BE54-9A1E7A4F7556}") = "Nat.PaintingApp.Functions", "Nat.PaintingApp\Nat.PaintingApp.Functions\Nat.PaintingApp.Functions.csproj", "{5D960199-1B64-4ADA-A8FC-9949762F62E6}"
EndProject
Project("{2150E333-8FDC-42A3-9474-1A3956D46DE8}") = "Nat.ArtistApp", "Nat.ArtistApp", "{94AEF3CD-4C22-4B9D-9779-C72C1641C5CD}"
EndProject
Project("{9A19103F-16F7-4668-BE54-9A1E7A4F7556}") = "Nat.ArtistApp.Functions", "Nat.ArtistApp\Nat.ArtistApp.Functions\Nat.ArtistApp.Functions.csproj", "{50257B53-0C7E-4178-9889-4A8EF4469351}"
EndProject
Project("{FAE04EC0-301F-11D3-BF4B-00C04F79EFBC}") = "Nat.ArtistApp.Models", "Nat.ArtistApp\Nat.ArtistApp.Models\Nat.ArtistApp.Models.csproj", "{AF76B14F-61CA-48D9-BB6C-E706C1D3E5F0}"
EndProject
Project("{9A19103F-16F7-4668-BE54-9A1E7A4F7556}") = "Nat.ArtistApp.Services", "Nat.ArtistApp\Nat.ArtistApp.Services\Nat.ArtistApp.Services.csproj", "{EC37E7F3-3A11-4471-9A06-140E81EAD9FF}"
EndProject
Project("{2150E333-8FDC-42A3-9474-1A3956D46DE8}") = "Nat.CustomerApp", "Nat.CustomerApp", "{E6884957-AC6A-4931-87A0-13128368445E}"
EndProject
Project("{2150E333-8FDC-42A3-9474-1A3956D46DE8}") = "Nat.EventApp", "Nat.EventApp", "{5C885E79-4B76-4E89-A529-0E564054AAA8}"
EndProject
Project("{2150E333-8FDC-42A3-9474-1A3956D46DE8}") = "Nat.PaintingApp", "Nat.PaintingApp", "{BFF34595-2B52-486B-8AB6-B6B39DB05021}"
EndProject
Project("{2150E333-8FDC-42A3-9474-1A3956D46DE8}") = "Nat.VenueApp", "Nat.VenueApp", "{84FDDE3A-B388-4470-A24B-C8BE9F2C6374}"
EndProject
Project("{FAE04EC0-301F-11D3-BF4B-00C04F79EFBC}") = "Nat.CustomerApp.Services", "Nat.CustomerApp\Nat.CustomerApp.Services\Nat.CustomerApp.Services.csproj", "{DC2D8FC2-D4A3-4A96-B258-57A519F225B1}"
EndProject
Project("{FAE04EC0-301F-11D3-BF4B-00C04F79EFBC}") = "Nat.EventApp.Services", "Nat.EventApp\Nat.EventApp.Services\Nat.EventApp.Services.csproj", "{2A9486E5-2ECE-4D51-AA8E-3138C6F636D7}"
EndProject
Project("{FAE04EC0-301F-11D3-BF4B-00C04F79EFBC}") = "Nat.PaintingApp.Services", "Nat.PaintingApp\Nat.PaintingApp.Services\Nat.PaintingApp.Services.csproj", "{0466514A-5041-487D-A8DF-A41696E4C2DD}"
EndProject
Project("{FAE04EC0-301F-11D3-BF4B-00C04F79EFBC}") = "Nat.VenueApp.Services", "Nat.VenueApp\Nat.VenueApp.Services\Nat.VenueApp.Services.csproj", "{75A20433-37AE-4C4A-BF78-7164215B5AE2}"
EndProject
Project("{2150E333-8FDC-42A3-9474-1A3956D46DE8}") = "Nat.PlannerApp", "Nat.PlannerApp", "{9D9341A1-97F0-4B31-BF3A-ED5FCEB83482}"
EndProject
Project("{FAE04EC0-301F-11D3-BF4B-00C04F79EFBC}") = "Nat.PlannerApp.Models", "Nat.PlannerApp\Nat.PlannerApp.Models\Nat.PlannerApp.Models.csproj", "{4DEC3511-27DD-4008-B2A3-448EF075F4B7}"
EndProject
Project("{9A19103F-16F7-4668-BE54-9A1E7A4F7556}") = "Nat.PlannerApp.Services", "Nat.PlannerApp\Nat.PlannerApp.Services\Nat.PlannerApp.Services.csproj", "{E78086F6-9952-483E-8C97-0C365DB4335F}"
EndProject
Project("{9A19103F-16F7-4668-BE54-9A1E7A4F7556}") = "Nat.PlannerApp.Functions", "Nat.PlannerApp\Nat.PlannerApp.Functions\Nat.PlannerApp.Functions.csproj", "{A7F27B38-DCAB-4E9E-B97F-7A229CD24445}"
EndProject
Project("{2150E333-8FDC-42A3-9474-1A3956D46DE8}") = "Nat.LocationApp", "Nat.LocationApp", "{64829A31-5B03-4F5F-833A-05842473DB41}"
EndProject
Project("{9A19103F-16F7-4668-BE54-9A1E7A4F7556}") = "Nat.LocationApp.Functions", "Nat.LocationApp\Nat.LocationApp.Functions\Nat.LocationApp.Functions.csproj", "{47DD7154-53AC-4445-A5AD-A26C464BAA92}"
EndProject
Project("{FAE04EC0-301F-11D3-BF4B-00C04F79EFBC}") = "Nat.LocationApp.Models", "Nat.LocationApp\Nat.LocationApp.Models\Nat.LocationApp.Models.csproj", "{4CBA756B-9676-4B5E-B148-7F0763D4F9A2}"
EndProject
Project("{9A19103F-16F7-4668-BE54-9A1E7A4F7556}") = "Nat.LocationApp.Services", "Nat.LocationApp\Nat.LocationApp.Services\Nat.LocationApp.Services.csproj", "{03A82D61-2B1D-4AD8-83CD-185023476A3D}"
EndProject
Project("{2150E333-8FDC-42A3-9474-1A3956D46DE8}") = "Nat.LookupApp", "Nat.LookupApp", "{CBE6CD6A-E82B-4110-A706-0B130C448CC2}"
EndProject
Project("{9A19103F-16F7-4668-BE54-9A1E7A4F7556}") = "Nat.LookupApp.Functions", "Nat.LookupApp\Nat.LookupApp.Functions\Nat.LookupApp.Functions.csproj", "{B5EEF7E8-0BF5-4CAC-B29A-5D70309BD6E3}"
EndProject
Project("{FAE04EC0-301F-11D3-BF4B-00C04F79EFBC}") = "Nat.LookupApp.Models", "Nat.LookupApp\Nat.LookupApp.Models\Nat.LookupApp.Models.csproj", "{7CD8AB4F-6027-49C8-9391-BA7936E7F700}"
EndProject
Project("{9A19103F-16F7-4668-BE54-9A1E7A4F7556}") = "Nat.LookupApp.Services", "Nat.LookupApp\Nat.LookupApp.Services\Nat.LookupApp.Services.csproj", "{7216D9F9-389F-45A1-ADC4-B0F4A57E7149}"
EndProject
Project("{2150E333-8FDC-42A3-9474-1A3956D46DE8}") = "Nat.AuthApp", "Nat.AuthApp", "{2C63EFEF-191D-4C8F-82B7-C0499AB3F6E9}"
EndProject
Project("{FAE04EC0-301F-11D3-BF4B-00C04F79EFBC}") = "Nat.AuthApp.Models", "Nat.AuthApp\Nat.AuthApp.Models\Nat.AuthApp.Models.csproj", "{891550C9-06E6-4D17-9217-CA94E83295DA}"
EndProject
Project("{9A19103F-16F7-4668-BE54-9A1E7A4F7556}") = "Nat.AuthApp.Functions", "Nat.AuthApp\Nat.AuthApp.Functions\Nat.AuthApp.Functions.csproj", "{145CCFB8-F84A-4CF8-8AEE-7EFB9E288A0D}"
EndProject
Project("{9A19103F-16F7-4668-BE54-9A1E7A4F7556}") = "Nat.AuthApp.Services", "Nat.AuthApp\Nat.AuthApp.Services\Nat.AuthApp.Services.csproj", "{7FC202A9-D33A-491E-907C-E966D902AA68}"
EndProject
Global
	GlobalSection(SolutionConfigurationPlatforms) = preSolution
		Debug|Any CPU = Debug|Any CPU
		Release|Any CPU = Release|Any CPU
	EndGlobalSection
	GlobalSection(ProjectConfigurationPlatforms) = postSolution
		{367527CA-6238-4254-8076-5A68E82A7FF5}.Debug|Any CPU.ActiveCfg = Debug|Any CPU
		{367527CA-6238-4254-8076-5A68E82A7FF5}.Debug|Any CPU.Build.0 = Debug|Any CPU
		{367527CA-6238-4254-8076-5A68E82A7FF5}.Release|Any CPU.ActiveCfg = Release|Any CPU
		{367527CA-6238-4254-8076-5A68E82A7FF5}.Release|Any CPU.Build.0 = Release|Any CPU
		{ADD4FFB9-F1CD-48A7-8F5B-4297D28EDE96}.Debug|Any CPU.ActiveCfg = Debug|Any CPU
		{ADD4FFB9-F1CD-48A7-8F5B-4297D28EDE96}.Debug|Any CPU.Build.0 = Debug|Any CPU
		{ADD4FFB9-F1CD-48A7-8F5B-4297D28EDE96}.Release|Any CPU.ActiveCfg = Release|Any CPU
		{ADD4FFB9-F1CD-48A7-8F5B-4297D28EDE96}.Release|Any CPU.Build.0 = Release|Any CPU
		{B4373DE3-A6D9-4D20-828F-D19B36A7D5CD}.Debug|Any CPU.ActiveCfg = Debug|Any CPU
		{B4373DE3-A6D9-4D20-828F-D19B36A7D5CD}.Debug|Any CPU.Build.0 = Debug|Any CPU
		{B4373DE3-A6D9-4D20-828F-D19B36A7D5CD}.Release|Any CPU.ActiveCfg = Release|Any CPU
		{B4373DE3-A6D9-4D20-828F-D19B36A7D5CD}.Release|Any CPU.Build.0 = Release|Any CPU
		{280FE43A-60CC-43DC-9456-1131C1048A8E}.Debug|Any CPU.ActiveCfg = Debug|Any CPU
		{280FE43A-60CC-43DC-9456-1131C1048A8E}.Debug|Any CPU.Build.0 = Debug|Any CPU
		{280FE43A-60CC-43DC-9456-1131C1048A8E}.Release|Any CPU.ActiveCfg = Release|Any CPU
		{280FE43A-60CC-43DC-9456-1131C1048A8E}.Release|Any CPU.Build.0 = Release|Any CPU
		{D8B8D865-4277-4D75-9105-0BAC059BCB33}.Debug|Any CPU.ActiveCfg = Debug|Any CPU
		{D8B8D865-4277-4D75-9105-0BAC059BCB33}.Debug|Any CPU.Build.0 = Debug|Any CPU
		{D8B8D865-4277-4D75-9105-0BAC059BCB33}.Release|Any CPU.ActiveCfg = Release|Any CPU
		{D8B8D865-4277-4D75-9105-0BAC059BCB33}.Release|Any CPU.Build.0 = Release|Any CPU
		{698D8D70-0C8F-496A-BF49-02DE2CF5B865}.Debug|Any CPU.ActiveCfg = Debug|Any CPU
		{698D8D70-0C8F-496A-BF49-02DE2CF5B865}.Debug|Any CPU.Build.0 = Debug|Any CPU
		{698D8D70-0C8F-496A-BF49-02DE2CF5B865}.Release|Any CPU.ActiveCfg = Release|Any CPU
		{698D8D70-0C8F-496A-BF49-02DE2CF5B865}.Release|Any CPU.Build.0 = Release|Any CPU
		{0FF4B912-000D-424D-9ADF-420D12DA061E}.Debug|Any CPU.ActiveCfg = Debug|Any CPU
		{0FF4B912-000D-424D-9ADF-420D12DA061E}.Debug|Any CPU.Build.0 = Debug|Any CPU
		{0FF4B912-000D-424D-9ADF-420D12DA061E}.Release|Any CPU.ActiveCfg = Release|Any CPU
		{0FF4B912-000D-424D-9ADF-420D12DA061E}.Release|Any CPU.Build.0 = Release|Any CPU
		{8742CFC5-6A0A-4FF6-A7DD-4A7D93C84DCD}.Debug|Any CPU.ActiveCfg = Debug|Any CPU
		{8742CFC5-6A0A-4FF6-A7DD-4A7D93C84DCD}.Debug|Any CPU.Build.0 = Debug|Any CPU
		{8742CFC5-6A0A-4FF6-A7DD-4A7D93C84DCD}.Release|Any CPU.ActiveCfg = Release|Any CPU
		{8742CFC5-6A0A-4FF6-A7DD-4A7D93C84DCD}.Release|Any CPU.Build.0 = Release|Any CPU
		{F20F4748-489D-493A-9E3D-14A3A4AC5594}.Debug|Any CPU.ActiveCfg = Debug|Any CPU
		{F20F4748-489D-493A-9E3D-14A3A4AC5594}.Debug|Any CPU.Build.0 = Debug|Any CPU
		{F20F4748-489D-493A-9E3D-14A3A4AC5594}.Release|Any CPU.ActiveCfg = Release|Any CPU
		{F20F4748-489D-493A-9E3D-14A3A4AC5594}.Release|Any CPU.Build.0 = Release|Any CPU
		{93E4D435-5D9E-467E-A08A-4096D0588558}.Debug|Any CPU.ActiveCfg = Debug|Any CPU
		{93E4D435-5D9E-467E-A08A-4096D0588558}.Debug|Any CPU.Build.0 = Debug|Any CPU
		{93E4D435-5D9E-467E-A08A-4096D0588558}.Release|Any CPU.ActiveCfg = Release|Any CPU
		{93E4D435-5D9E-467E-A08A-4096D0588558}.Release|Any CPU.Build.0 = Release|Any CPU
		{FE9A96E0-A9E3-4088-8789-49B77765E3A9}.Debug|Any CPU.ActiveCfg = Debug|Any CPU
		{FE9A96E0-A9E3-4088-8789-49B77765E3A9}.Debug|Any CPU.Build.0 = Debug|Any CPU
		{FE9A96E0-A9E3-4088-8789-49B77765E3A9}.Release|Any CPU.ActiveCfg = Release|Any CPU
		{FE9A96E0-A9E3-4088-8789-49B77765E3A9}.Release|Any CPU.Build.0 = Release|Any CPU
		{5D960199-1B64-4ADA-A8FC-9949762F62E6}.Debug|Any CPU.ActiveCfg = Debug|Any CPU
		{5D960199-1B64-4ADA-A8FC-9949762F62E6}.Debug|Any CPU.Build.0 = Debug|Any CPU
		{5D960199-1B64-4ADA-A8FC-9949762F62E6}.Release|Any CPU.ActiveCfg = Release|Any CPU
		{5D960199-1B64-4ADA-A8FC-9949762F62E6}.Release|Any CPU.Build.0 = Release|Any CPU
		{50257B53-0C7E-4178-9889-4A8EF4469351}.Debug|Any CPU.ActiveCfg = Debug|Any CPU
		{50257B53-0C7E-4178-9889-4A8EF4469351}.Debug|Any CPU.Build.0 = Debug|Any CPU
		{50257B53-0C7E-4178-9889-4A8EF4469351}.Release|Any CPU.ActiveCfg = Release|Any CPU
		{50257B53-0C7E-4178-9889-4A8EF4469351}.Release|Any CPU.Build.0 = Release|Any CPU
		{AF76B14F-61CA-48D9-BB6C-E706C1D3E5F0}.Debug|Any CPU.ActiveCfg = Debug|Any CPU
		{AF76B14F-61CA-48D9-BB6C-E706C1D3E5F0}.Debug|Any CPU.Build.0 = Debug|Any CPU
		{AF76B14F-61CA-48D9-BB6C-E706C1D3E5F0}.Release|Any CPU.ActiveCfg = Release|Any CPU
		{AF76B14F-61CA-48D9-BB6C-E706C1D3E5F0}.Release|Any CPU.Build.0 = Release|Any CPU
		{EC37E7F3-3A11-4471-9A06-140E81EAD9FF}.Debug|Any CPU.ActiveCfg = Debug|Any CPU
		{EC37E7F3-3A11-4471-9A06-140E81EAD9FF}.Debug|Any CPU.Build.0 = Debug|Any CPU
		{EC37E7F3-3A11-4471-9A06-140E81EAD9FF}.Release|Any CPU.ActiveCfg = Release|Any CPU
		{EC37E7F3-3A11-4471-9A06-140E81EAD9FF}.Release|Any CPU.Build.0 = Release|Any CPU
		{DC2D8FC2-D4A3-4A96-B258-57A519F225B1}.Debug|Any CPU.ActiveCfg = Debug|Any CPU
		{DC2D8FC2-D4A3-4A96-B258-57A519F225B1}.Debug|Any CPU.Build.0 = Debug|Any CPU
		{DC2D8FC2-D4A3-4A96-B258-57A519F225B1}.Release|Any CPU.ActiveCfg = Release|Any CPU
		{DC2D8FC2-D4A3-4A96-B258-57A519F225B1}.Release|Any CPU.Build.0 = Release|Any CPU
		{2A9486E5-2ECE-4D51-AA8E-3138C6F636D7}.Debug|Any CPU.ActiveCfg = Debug|Any CPU
		{2A9486E5-2ECE-4D51-AA8E-3138C6F636D7}.Debug|Any CPU.Build.0 = Debug|Any CPU
		{2A9486E5-2ECE-4D51-AA8E-3138C6F636D7}.Release|Any CPU.ActiveCfg = Release|Any CPU
		{2A9486E5-2ECE-4D51-AA8E-3138C6F636D7}.Release|Any CPU.Build.0 = Release|Any CPU
		{0466514A-5041-487D-A8DF-A41696E4C2DD}.Debug|Any CPU.ActiveCfg = Debug|Any CPU
		{0466514A-5041-487D-A8DF-A41696E4C2DD}.Debug|Any CPU.Build.0 = Debug|Any CPU
		{0466514A-5041-487D-A8DF-A41696E4C2DD}.Release|Any CPU.ActiveCfg = Release|Any CPU
		{0466514A-5041-487D-A8DF-A41696E4C2DD}.Release|Any CPU.Build.0 = Release|Any CPU
		{75A20433-37AE-4C4A-BF78-7164215B5AE2}.Debug|Any CPU.ActiveCfg = Debug|Any CPU
		{75A20433-37AE-4C4A-BF78-7164215B5AE2}.Debug|Any CPU.Build.0 = Debug|Any CPU
		{75A20433-37AE-4C4A-BF78-7164215B5AE2}.Release|Any CPU.ActiveCfg = Release|Any CPU
		{75A20433-37AE-4C4A-BF78-7164215B5AE2}.Release|Any CPU.Build.0 = Release|Any CPU
		{4DEC3511-27DD-4008-B2A3-448EF075F4B7}.Debug|Any CPU.ActiveCfg = Debug|Any CPU
		{4DEC3511-27DD-4008-B2A3-448EF075F4B7}.Debug|Any CPU.Build.0 = Debug|Any CPU
		{4DEC3511-27DD-4008-B2A3-448EF075F4B7}.Release|Any CPU.ActiveCfg = Release|Any CPU
		{4DEC3511-27DD-4008-B2A3-448EF075F4B7}.Release|Any CPU.Build.0 = Release|Any CPU
		{E78086F6-9952-483E-8C97-0C365DB4335F}.Debug|Any CPU.ActiveCfg = Debug|Any CPU
		{E78086F6-9952-483E-8C97-0C365DB4335F}.Debug|Any CPU.Build.0 = Debug|Any CPU
		{E78086F6-9952-483E-8C97-0C365DB4335F}.Release|Any CPU.ActiveCfg = Release|Any CPU
		{E78086F6-9952-483E-8C97-0C365DB4335F}.Release|Any CPU.Build.0 = Release|Any CPU
		{A7F27B38-DCAB-4E9E-B97F-7A229CD24445}.Debug|Any CPU.ActiveCfg = Debug|Any CPU
		{A7F27B38-DCAB-4E9E-B97F-7A229CD24445}.Debug|Any CPU.Build.0 = Debug|Any CPU
		{A7F27B38-DCAB-4E9E-B97F-7A229CD24445}.Release|Any CPU.ActiveCfg = Release|Any CPU
		{A7F27B38-DCAB-4E9E-B97F-7A229CD24445}.Release|Any CPU.Build.0 = Release|Any CPU
		{47DD7154-53AC-4445-A5AD-A26C464BAA92}.Debug|Any CPU.ActiveCfg = Debug|Any CPU
		{47DD7154-53AC-4445-A5AD-A26C464BAA92}.Debug|Any CPU.Build.0 = Debug|Any CPU
		{47DD7154-53AC-4445-A5AD-A26C464BAA92}.Release|Any CPU.ActiveCfg = Release|Any CPU
		{47DD7154-53AC-4445-A5AD-A26C464BAA92}.Release|Any CPU.Build.0 = Release|Any CPU
		{4CBA756B-9676-4B5E-B148-7F0763D4F9A2}.Debug|Any CPU.ActiveCfg = Debug|Any CPU
		{4CBA756B-9676-4B5E-B148-7F0763D4F9A2}.Debug|Any CPU.Build.0 = Debug|Any CPU
		{4CBA756B-9676-4B5E-B148-7F0763D4F9A2}.Release|Any CPU.ActiveCfg = Release|Any CPU
		{4CBA756B-9676-4B5E-B148-7F0763D4F9A2}.Release|Any CPU.Build.0 = Release|Any CPU
		{03A82D61-2B1D-4AD8-83CD-185023476A3D}.Debug|Any CPU.ActiveCfg = Debug|Any CPU
		{03A82D61-2B1D-4AD8-83CD-185023476A3D}.Debug|Any CPU.Build.0 = Debug|Any CPU
		{03A82D61-2B1D-4AD8-83CD-185023476A3D}.Release|Any CPU.ActiveCfg = Release|Any CPU
		{03A82D61-2B1D-4AD8-83CD-185023476A3D}.Release|Any CPU.Build.0 = Release|Any CPU
		{B5EEF7E8-0BF5-4CAC-B29A-5D70309BD6E3}.Debug|Any CPU.ActiveCfg = Debug|Any CPU
		{B5EEF7E8-0BF5-4CAC-B29A-5D70309BD6E3}.Debug|Any CPU.Build.0 = Debug|Any CPU
		{B5EEF7E8-0BF5-4CAC-B29A-5D70309BD6E3}.Release|Any CPU.ActiveCfg = Release|Any CPU
		{B5EEF7E8-0BF5-4CAC-B29A-5D70309BD6E3}.Release|Any CPU.Build.0 = Release|Any CPU
		{7CD8AB4F-6027-49C8-9391-BA7936E7F700}.Debug|Any CPU.ActiveCfg = Debug|Any CPU
		{7CD8AB4F-6027-49C8-9391-BA7936E7F700}.Debug|Any CPU.Build.0 = Debug|Any CPU
		{7CD8AB4F-6027-49C8-9391-BA7936E7F700}.Release|Any CPU.ActiveCfg = Release|Any CPU
		{7CD8AB4F-6027-49C8-9391-BA7936E7F700}.Release|Any CPU.Build.0 = Release|Any CPU
		{7216D9F9-389F-45A1-ADC4-B0F4A57E7149}.Debug|Any CPU.ActiveCfg = Debug|Any CPU
		{7216D9F9-389F-45A1-ADC4-B0F4A57E7149}.Debug|Any CPU.Build.0 = Debug|Any CPU
		{7216D9F9-389F-45A1-ADC4-B0F4A57E7149}.Release|Any CPU.ActiveCfg = Release|Any CPU
		{7216D9F9-389F-45A1-ADC4-B0F4A57E7149}.Release|Any CPU.Build.0 = Release|Any CPU
		{891550C9-06E6-4D17-9217-CA94E83295DA}.Debug|Any CPU.ActiveCfg = Debug|Any CPU
		{891550C9-06E6-4D17-9217-CA94E83295DA}.Debug|Any CPU.Build.0 = Debug|Any CPU
		{891550C9-06E6-4D17-9217-CA94E83295DA}.Release|Any CPU.ActiveCfg = Release|Any CPU
		{891550C9-06E6-4D17-9217-CA94E83295DA}.Release|Any CPU.Build.0 = Release|Any CPU
		{145CCFB8-F84A-4CF8-8AEE-7EFB9E288A0D}.Debug|Any CPU.ActiveCfg = Debug|Any CPU
		{145CCFB8-F84A-4CF8-8AEE-7EFB9E288A0D}.Debug|Any CPU.Build.0 = Debug|Any CPU
		{145CCFB8-F84A-4CF8-8AEE-7EFB9E288A0D}.Release|Any CPU.ActiveCfg = Release|Any CPU
		{145CCFB8-F84A-4CF8-8AEE-7EFB9E288A0D}.Release|Any CPU.Build.0 = Release|Any CPU
		{7FC202A9-D33A-491E-907C-E966D902AA68}.Debug|Any CPU.ActiveCfg = Debug|Any CPU
		{7FC202A9-D33A-491E-907C-E966D902AA68}.Debug|Any CPU.Build.0 = Debug|Any CPU
		{7FC202A9-D33A-491E-907C-E966D902AA68}.Release|Any CPU.ActiveCfg = Release|Any CPU
		{7FC202A9-D33A-491E-907C-E966D902AA68}.Release|Any CPU.Build.0 = Release|Any CPU
	EndGlobalSection
	GlobalSection(SolutionProperties) = preSolution
		HideSolutionNode = FALSE
	EndGlobalSection
	GlobalSection(NestedProjects) = preSolution
		{280FE43A-60CC-43DC-9456-1131C1048A8E} = {84FDDE3A-B388-4470-A24B-C8BE9F2C6374}
		{D8B8D865-4277-4D75-9105-0BAC059BCB33} = {84FDDE3A-B388-4470-A24B-C8BE9F2C6374}
		{698D8D70-0C8F-496A-BF49-02DE2CF5B865} = {5C885E79-4B76-4E89-A529-0E564054AAA8}
		{0FF4B912-000D-424D-9ADF-420D12DA061E} = {5C885E79-4B76-4E89-A529-0E564054AAA8}
		{8742CFC5-6A0A-4FF6-A7DD-4A7D93C84DCD} = {E6884957-AC6A-4931-87A0-13128368445E}
		{F20F4748-489D-493A-9E3D-14A3A4AC5594} = {E6884957-AC6A-4931-87A0-13128368445E}
		{FE9A96E0-A9E3-4088-8789-49B77765E3A9} = {BFF34595-2B52-486B-8AB6-B6B39DB05021}
		{5D960199-1B64-4ADA-A8FC-9949762F62E6} = {BFF34595-2B52-486B-8AB6-B6B39DB05021}
		{50257B53-0C7E-4178-9889-4A8EF4469351} = {94AEF3CD-4C22-4B9D-9779-C72C1641C5CD}
		{AF76B14F-61CA-48D9-BB6C-E706C1D3E5F0} = {94AEF3CD-4C22-4B9D-9779-C72C1641C5CD}
		{EC37E7F3-3A11-4471-9A06-140E81EAD9FF} = {94AEF3CD-4C22-4B9D-9779-C72C1641C5CD}
		{DC2D8FC2-D4A3-4A96-B258-57A519F225B1} = {E6884957-AC6A-4931-87A0-13128368445E}
		{2A9486E5-2ECE-4D51-AA8E-3138C6F636D7} = {5C885E79-4B76-4E89-A529-0E564054AAA8}
		{0466514A-5041-487D-A8DF-A41696E4C2DD} = {BFF34595-2B52-486B-8AB6-B6B39DB05021}
		{75A20433-37AE-4C4A-BF78-7164215B5AE2} = {84FDDE3A-B388-4470-A24B-C8BE9F2C6374}
		{4DEC3511-27DD-4008-B2A3-448EF075F4B7} = {9D9341A1-97F0-4B31-BF3A-ED5FCEB83482}
		{E78086F6-9952-483E-8C97-0C365DB4335F} = {9D9341A1-97F0-4B31-BF3A-ED5FCEB83482}
		{A7F27B38-DCAB-4E9E-B97F-7A229CD24445} = {9D9341A1-97F0-4B31-BF3A-ED5FCEB83482}
		{47DD7154-53AC-4445-A5AD-A26C464BAA92} = {64829A31-5B03-4F5F-833A-05842473DB41}
		{4CBA756B-9676-4B5E-B148-7F0763D4F9A2} = {64829A31-5B03-4F5F-833A-05842473DB41}
		{03A82D61-2B1D-4AD8-83CD-185023476A3D} = {64829A31-5B03-4F5F-833A-05842473DB41}
		{B5EEF7E8-0BF5-4CAC-B29A-5D70309BD6E3} = {CBE6CD6A-E82B-4110-A706-0B130C448CC2}
		{7CD8AB4F-6027-49C8-9391-BA7936E7F700} = {CBE6CD6A-E82B-4110-A706-0B130C448CC2}
		{7216D9F9-389F-45A1-ADC4-B0F4A57E7149} = {CBE6CD6A-E82B-4110-A706-0B130C448CC2}
		{891550C9-06E6-4D17-9217-CA94E83295DA} = {2C63EFEF-191D-4C8F-82B7-C0499AB3F6E9}
		{145CCFB8-F84A-4CF8-8AEE-7EFB9E288A0D} = {2C63EFEF-191D-4C8F-82B7-C0499AB3F6E9}
		{7FC202A9-D33A-491E-907C-E966D902AA68} = {2C63EFEF-191D-4C8F-82B7-C0499AB3F6E9}
	EndGlobalSection
	GlobalSection(ExtensibilityGlobals) = postSolution
		EnterpriseLibraryConfigurationToolBinariesPathV6 = packages\EnterpriseLibrary.TransientFaultHandling.6.0.1304.0\lib\portable-net45+win+wp8;packages\EnterpriseLibrary.TransientFaultHandling.Data.6.0.1304.1\lib\NET45
		SolutionGuid = {726F6280-7B79-4F1A-9869-C6BBEB4A0B44}
	EndGlobalSection
EndGlobal
